<?xml version="1.0" encoding="utf-8"?>
<Project ToolsVersion="4.0" xmlns="http://schemas.microsoft.com/developer/msbuild/2003">
  <ItemGroup>
    <Filter Include="kernels">
      <UniqueIdentifier>{3638b99c-8e62-476c-84ca-934e95a05bb6}</UniqueIdentifier>
    </Filter>
    <Filter Include="headers">
      <UniqueIdentifier>{10155912-7ce7-48e5-ac9f-6a300d6548b5}</UniqueIdentifier>
    </Filter>
  </ItemGroup>
  <ItemGroup>
    <ClInclude Include="headers\layout_traits.hpp">
      <Filter>headers</Filter>
    </ClInclude>
    <ClInclude Include="headers\interface.hpp">
      <Filter>headers</Filter>
    </ClInclude>
    <ClInclude Include="headers\serial.hpp">
      <Filter>headers</Filter>
    </ClInclude>
    <ClInclude Include="headers\cuda.hpp">
      <Filter>headers</Filter>
    </ClInclude>
    <ClInclude Include="headers\kernels.cuh">
      <Filter>headers</Filter>
    </ClInclude>
  </ItemGroup>
  <ItemGroup>
    <CudaCompile Include="kernels\kernels.cu">
      <Filter>kernels</Filter>
    </CudaCompile>
  </ItemGroup>
  <ItemGroup>
    <ClCompile Include="bucketing-cuda.cpp" />
  </ItemGroup>
</Project>